
Microsoft Visual Studio Solution File, Format Version 12.00
# Visual Studio Version 17
VisualStudioVersion = 17.5.2.0
MinimumVisualStudioVersion = 10.0.40219.1
Project("{FAE04EC0-301F-11D3-BF4B-00C04F79EFBC}") = "MetoderFörText", "MetoderFörText.csproj", "{5E662D12-7F0D-7F7B-045E-BD3B95A7D613}"
EndProject
Global
	GlobalSection(SolutionConfigurationPlatforms) = preSolution
		Debug|Any CPU = Debug|Any CPU
		Release|Any CPU = Release|Any CPU
	EndGlobalSection
	GlobalSection(ProjectConfigurationPlatforms) = postSolution
		{5E662D12-7F0D-7F7B-045E-BD3B95A7D613}.Debug|Any CPU.ActiveCfg = Debug|Any CPU
		{5E662D12-7F0D-7F7B-045E-BD3B95A7D613}.Debug|Any CPU.Build.0 = Debug|Any CPU
		{5E662D12-7F0D-7F7B-045E-BD3B95A7D613}.Release|Any CPU.ActiveCfg = Release|Any CPU
		{5E662D12-7F0D-7F7B-045E-BD3B95A7D613}.Release|Any CPU.Build.0 = Release|Any CPU
	EndGlobalSection
	GlobalSection(SolutionProperties) = preSolution
		HideSolutionNode = FALSE
	EndGlobalSection
	GlobalSection(ExtensibilityGlobals) = postSolution
		SolutionGuid = {BC75A24B-C17F-4906-ACF4-4C4ADB5A243E}
	EndGlobalSection
EndGlobal
