
Microsoft Visual Studio Solution File, Format Version 12.00
# Visual Studio Version 17
VisualStudioVersion = 17.5.002.0
MinimumVisualStudioVersion = 10.0.40219.1
Project("{9A19103F-16F7-4668-BE54-9A1E7A4F7556}") = "Uppgift 4.26", "Uppgift 4.26.csproj", "{A83104BD-1D7D-46B1-8D30-FB2F202F303E}"
EndProject
Global
	GlobalSection(SolutionConfigurationPlatforms) = preSolution
		Debug|Any CPU = Debug|Any CPU
		Release|Any CPU = Release|Any CPU
	EndGlobalSection
	GlobalSection(ProjectConfigurationPlatforms) = postSolution
		{A83104BD-1D7D-46B1-8D30-FB2F202F303E}.Debug|Any CPU.ActiveCfg = Debug|Any CPU
		{A83104BD-1D7D-46B1-8D30-FB2F202F303E}.Debug|Any CPU.Build.0 = Debug|Any CPU
		{A83104BD-1D7D-46B1-8D30-FB2F202F303E}.Release|Any CPU.ActiveCfg = Release|Any CPU
		{A83104BD-1D7D-46B1-8D30-FB2F202F303E}.Release|Any CPU.Build.0 = Release|Any CPU
	EndGlobalSection
	GlobalSection(SolutionProperties) = preSolution
		HideSolutionNode = FALSE
	EndGlobalSection
	GlobalSection(ExtensibilityGlobals) = postSolution
		SolutionGuid = {8D6B22EC-9C94-4187-90EC-931C3C8A6E3B}
	EndGlobalSection
EndGlobal
