
Microsoft Visual Studio Solution File, Format Version 12.00
# Visual Studio Version 17
VisualStudioVersion = 17.5.002.0
MinimumVisualStudioVersion = 10.0.40219.1
Project("{9A19103F-16F7-4668-BE54-9A1E7A4F7556}") = "Tilldelning-Kodblock", "Tilldelning-Kodblock.csproj", "{8700AA1A-B730-47A1-B416-CF26DAE8EF73}"
EndProject
Global
	GlobalSection(SolutionConfigurationPlatforms) = preSolution
		Debug|Any CPU = Debug|Any CPU
		Release|Any CPU = Release|Any CPU
	EndGlobalSection
	GlobalSection(ProjectConfigurationPlatforms) = postSolution
		{8700AA1A-B730-47A1-B416-CF26DAE8EF73}.Debug|Any CPU.ActiveCfg = Debug|Any CPU
		{8700AA1A-B730-47A1-B416-CF26DAE8EF73}.Debug|Any CPU.Build.0 = Debug|Any CPU
		{8700AA1A-B730-47A1-B416-CF26DAE8EF73}.Release|Any CPU.ActiveCfg = Release|Any CPU
		{8700AA1A-B730-47A1-B416-CF26DAE8EF73}.Release|Any CPU.Build.0 = Release|Any CPU
	EndGlobalSection
	GlobalSection(SolutionProperties) = preSolution
		HideSolutionNode = FALSE
	EndGlobalSection
	GlobalSection(ExtensibilityGlobals) = postSolution
		SolutionGuid = {713F903D-7D59-4909-BCB4-5C5C57AB3707}
	EndGlobalSection
EndGlobal
