
Microsoft Visual Studio Solution File, Format Version 12.00
# Visual Studio Version 17
VisualStudioVersion = 17.5.002.0
MinimumVisualStudioVersion = 10.0.40219.1
Project("{9A19103F-16F7-4668-BE54-9A1E7A4F7556}") = "Uppgift 4.1", "Uppgift 4.1.csproj", "{5821178E-DC16-4883-996D-824B99038BE0}"
EndProject
Global
	GlobalSection(SolutionConfigurationPlatforms) = preSolution
		Debug|Any CPU = Debug|Any CPU
		Release|Any CPU = Release|Any CPU
	EndGlobalSection
	GlobalSection(ProjectConfigurationPlatforms) = postSolution
		{5821178E-DC16-4883-996D-824B99038BE0}.Debug|Any CPU.ActiveCfg = Debug|Any CPU
		{5821178E-DC16-4883-996D-824B99038BE0}.Debug|Any CPU.Build.0 = Debug|Any CPU
		{5821178E-DC16-4883-996D-824B99038BE0}.Release|Any CPU.ActiveCfg = Release|Any CPU
		{5821178E-DC16-4883-996D-824B99038BE0}.Release|Any CPU.Build.0 = Release|Any CPU
	EndGlobalSection
	GlobalSection(SolutionProperties) = preSolution
		HideSolutionNode = FALSE
	EndGlobalSection
	GlobalSection(ExtensibilityGlobals) = postSolution
		SolutionGuid = {60BCECEE-D09B-44DF-9541-9675AC63B151}
	EndGlobalSection
EndGlobal
