
Microsoft Visual Studio Solution File, Format Version 12.00
# Visual Studio Version 17
VisualStudioVersion = 17.5.002.0
MinimumVisualStudioVersion = 10.0.40219.1
Project("{9A19103F-16F7-4668-BE54-9A1E7A4F7556}") = "Uppgift 4.18", "Uppgift 4.18.csproj", "{069DFC79-FE42-44AD-84D6-17F4871ADBF6}"
EndProject
Global
	GlobalSection(SolutionConfigurationPlatforms) = preSolution
		Debug|Any CPU = Debug|Any CPU
		Release|Any CPU = Release|Any CPU
	EndGlobalSection
	GlobalSection(ProjectConfigurationPlatforms) = postSolution
		{069DFC79-FE42-44AD-84D6-17F4871ADBF6}.Debug|Any CPU.ActiveCfg = Debug|Any CPU
		{069DFC79-FE42-44AD-84D6-17F4871ADBF6}.Debug|Any CPU.Build.0 = Debug|Any CPU
		{069DFC79-FE42-44AD-84D6-17F4871ADBF6}.Release|Any CPU.ActiveCfg = Release|Any CPU
		{069DFC79-FE42-44AD-84D6-17F4871ADBF6}.Release|Any CPU.Build.0 = Release|Any CPU
	EndGlobalSection
	GlobalSection(SolutionProperties) = preSolution
		HideSolutionNode = FALSE
	EndGlobalSection
	GlobalSection(ExtensibilityGlobals) = postSolution
		SolutionGuid = {8E09657A-3501-4854-B2B8-0C68D391A85D}
	EndGlobalSection
EndGlobal
