
Microsoft Visual Studio Solution File, Format Version 12.00
# Visual Studio Version 17
VisualStudioVersion = 17.5.002.0
MinimumVisualStudioVersion = 10.0.40219.1
Project("{9A19103F-16F7-4668-BE54-9A1E7A4F7556}") = "Uppgift 4.33", "Uppgift 4.33.csproj", "{986DD256-1E26-4EBF-840B-6B6CF5644AD8}"
EndProject
Global
	GlobalSection(SolutionConfigurationPlatforms) = preSolution
		Debug|Any CPU = Debug|Any CPU
		Release|Any CPU = Release|Any CPU
	EndGlobalSection
	GlobalSection(ProjectConfigurationPlatforms) = postSolution
		{986DD256-1E26-4EBF-840B-6B6CF5644AD8}.Debug|Any CPU.ActiveCfg = Debug|Any CPU
		{986DD256-1E26-4EBF-840B-6B6CF5644AD8}.Debug|Any CPU.Build.0 = Debug|Any CPU
		{986DD256-1E26-4EBF-840B-6B6CF5644AD8}.Release|Any CPU.ActiveCfg = Release|Any CPU
		{986DD256-1E26-4EBF-840B-6B6CF5644AD8}.Release|Any CPU.Build.0 = Release|Any CPU
	EndGlobalSection
	GlobalSection(SolutionProperties) = preSolution
		HideSolutionNode = FALSE
	EndGlobalSection
	GlobalSection(ExtensibilityGlobals) = postSolution
		SolutionGuid = {8F8D2EEE-620C-4867-811B-432BB7F44899}
	EndGlobalSection
EndGlobal
