
Microsoft Visual Studio Solution File, Format Version 12.00
# Visual Studio Version 17
VisualStudioVersion = 17.5.002.0
MinimumVisualStudioVersion = 10.0.40219.1
Project("{9A19103F-16F7-4668-BE54-9A1E7A4F7556}") = "Lucktext", "Lucktext.csproj", "{B6EDAA44-3759-4C00-AE7B-10F73E7BE97F}"
EndProject
Global
	GlobalSection(SolutionConfigurationPlatforms) = preSolution
		Debug|Any CPU = Debug|Any CPU
		Release|Any CPU = Release|Any CPU
	EndGlobalSection
	GlobalSection(ProjectConfigurationPlatforms) = postSolution
		{B6EDAA44-3759-4C00-AE7B-10F73E7BE97F}.Debug|Any CPU.ActiveCfg = Debug|Any CPU
		{B6EDAA44-3759-4C00-AE7B-10F73E7BE97F}.Debug|Any CPU.Build.0 = Debug|Any CPU
		{B6EDAA44-3759-4C00-AE7B-10F73E7BE97F}.Release|Any CPU.ActiveCfg = Release|Any CPU
		{B6EDAA44-3759-4C00-AE7B-10F73E7BE97F}.Release|Any CPU.Build.0 = Release|Any CPU
	EndGlobalSection
	GlobalSection(SolutionProperties) = preSolution
		HideSolutionNode = FALSE
	EndGlobalSection
	GlobalSection(ExtensibilityGlobals) = postSolution
		SolutionGuid = {9D8AFAF5-AC09-406F-A4BB-4813CB704741}
	EndGlobalSection
EndGlobal
