
Microsoft Visual Studio Solution File, Format Version 12.00
# Visual Studio Version 17
VisualStudioVersion = 17.5.002.0
MinimumVisualStudioVersion = 10.0.40219.1
Project("{9A19103F-16F7-4668-BE54-9A1E7A4F7556}") = "Uppgift 3.2", "Uppgift 3.2.csproj", "{02ADBBB9-80F8-457D-86AA-3668828CF144}"
EndProject
Global
	GlobalSection(SolutionConfigurationPlatforms) = preSolution
		Debug|Any CPU = Debug|Any CPU
		Release|Any CPU = Release|Any CPU
	EndGlobalSection
	GlobalSection(ProjectConfigurationPlatforms) = postSolution
		{02ADBBB9-80F8-457D-86AA-3668828CF144}.Debug|Any CPU.ActiveCfg = Debug|Any CPU
		{02ADBBB9-80F8-457D-86AA-3668828CF144}.Debug|Any CPU.Build.0 = Debug|Any CPU
		{02ADBBB9-80F8-457D-86AA-3668828CF144}.Release|Any CPU.ActiveCfg = Release|Any CPU
		{02ADBBB9-80F8-457D-86AA-3668828CF144}.Release|Any CPU.Build.0 = Release|Any CPU
	EndGlobalSection
	GlobalSection(SolutionProperties) = preSolution
		HideSolutionNode = FALSE
	EndGlobalSection
	GlobalSection(ExtensibilityGlobals) = postSolution
		SolutionGuid = {10B226F9-2C58-43EE-95EF-FC36DBE20304}
	EndGlobalSection
EndGlobal
