
Microsoft Visual Studio Solution File, Format Version 12.00
# Visual Studio Version 17
VisualStudioVersion = 17.5.002.0
MinimumVisualStudioVersion = 10.0.40219.1
Project("{9A19103F-16F7-4668-BE54-9A1E7A4F7556}") = "Uppgift 2.14", "Uppgift 2.14.csproj", "{082FEED1-377B-4A64-B095-D8C1DB8D5BEE}"
EndProject
Global
	GlobalSection(SolutionConfigurationPlatforms) = preSolution
		Debug|Any CPU = Debug|Any CPU
		Release|Any CPU = Release|Any CPU
	EndGlobalSection
	GlobalSection(ProjectConfigurationPlatforms) = postSolution
		{082FEED1-377B-4A64-B095-D8C1DB8D5BEE}.Debug|Any CPU.ActiveCfg = Debug|Any CPU
		{082FEED1-377B-4A64-B095-D8C1DB8D5BEE}.Debug|Any CPU.Build.0 = Debug|Any CPU
		{082FEED1-377B-4A64-B095-D8C1DB8D5BEE}.Release|Any CPU.ActiveCfg = Release|Any CPU
		{082FEED1-377B-4A64-B095-D8C1DB8D5BEE}.Release|Any CPU.Build.0 = Release|Any CPU
	EndGlobalSection
	GlobalSection(SolutionProperties) = preSolution
		HideSolutionNode = FALSE
	EndGlobalSection
	GlobalSection(ExtensibilityGlobals) = postSolution
		SolutionGuid = {3516A34C-58A7-4221-A4E1-A91AD34D6D3C}
	EndGlobalSection
EndGlobal
